
Microsoft Visual Studio Solution File, Format Version 12.00
# Visual Studio 15
Project("{FAE04EC0-301F-11D3-BF4B-00C04F79EFBC}") = "Assembly-CSharp", "Assembly-CSharp.csproj", "{466E9032-C92B-CD45-1C34-901FC8CFCBBF}"
EndProject
Global
	GlobalSection(SolutionConfigurationPlatforms) = preSolution
		Debug|Any CPU = Debug|Any CPU
		Release|Any CPU = Release|Any CPU
	EndGlobalSection
	GlobalSection(ProjectConfigurationPlatforms) = postSolution
		{466E9032-C92B-CD45-1C34-901FC8CFCBBF}.Debug|Any CPU.ActiveCfg = Debug|Any CPU
		{466E9032-C92B-CD45-1C34-901FC8CFCBBF}.Debug|Any CPU.Build.0 = Debug|Any CPU
		{466E9032-C92B-CD45-1C34-901FC8CFCBBF}.Release|Any CPU.ActiveCfg = Release|Any CPU
		{466E9032-C92B-CD45-1C34-901FC8CFCBBF}.Release|Any CPU.Build.0 = Release|Any CPU
	EndGlobalSection
	GlobalSection(SolutionProperties) = preSolution
		HideSolutionNode = FALSE
	EndGlobalSection
EndGlobal
